
Microsoft Visual Studio Solution File, Format Version 12.00
# Visual Studio Version 17
VisualStudioVersion = 17.3.32922.545
MinimumVisualStudioVersion = 10.0.40219.1
Project("{FAE04EC0-301F-11D3-BF4B-00C04F79EFBC}") = "pr_web", "pr_web\pr_web.csproj", "{6CD4C17B-B209-4A98-84DB-F73FB2EC8259}"
EndProject
Project("{FAE04EC0-301F-11D3-BF4B-00C04F79EFBC}") = "Modelo", "Modelo\Modelo.csproj", "{3F07F001-D647-4DDC-BD2F-91DD8E4919BC}"
EndProject
Global
	GlobalSection(SolutionConfigurationPlatforms) = preSolution
		Debug|Any CPU = Debug|Any CPU
		Release|Any CPU = Release|Any CPU
	EndGlobalSection
	GlobalSection(ProjectConfigurationPlatforms) = postSolution
		{6CD4C17B-B209-4A98-84DB-F73FB2EC8259}.Debug|Any CPU.ActiveCfg = Debug|Any CPU
		{6CD4C17B-B209-4A98-84DB-F73FB2EC8259}.Debug|Any CPU.Build.0 = Debug|Any CPU
		{6CD4C17B-B209-4A98-84DB-F73FB2EC8259}.Release|Any CPU.ActiveCfg = Release|Any CPU
		{6CD4C17B-B209-4A98-84DB-F73FB2EC8259}.Release|Any CPU.Build.0 = Release|Any CPU
		{3F07F001-D647-4DDC-BD2F-91DD8E4919BC}.Debug|Any CPU.ActiveCfg = Debug|Any CPU
		{3F07F001-D647-4DDC-BD2F-91DD8E4919BC}.Debug|Any CPU.Build.0 = Debug|Any CPU
		{3F07F001-D647-4DDC-BD2F-91DD8E4919BC}.Release|Any CPU.ActiveCfg = Release|Any CPU
		{3F07F001-D647-4DDC-BD2F-91DD8E4919BC}.Release|Any CPU.Build.0 = Release|Any CPU
	EndGlobalSection
	GlobalSection(SolutionProperties) = preSolution
		HideSolutionNode = FALSE
	EndGlobalSection
	GlobalSection(ExtensibilityGlobals) = postSolution
		SolutionGuid = {E2A701BF-8D6D-4EC7-8AD9-091C06AED523}
	EndGlobalSection
EndGlobal
